Microsoft Visual Studio Solution File, Format Version 12.00
# Visual Studio Version 17
VisualStudioVersion = 17.14.36518.9 d17.14
MinimumVisualStudioVersion = 10.0.40219.1
Project("{FAE04EC0-301F-11D3-BF4B-00C04F79EFBC}") = "FNWP72", "FNWP72.csproj", "{EE7FB582-E996-4F26-9E2F-4722BFD4306D}"
EndProject
Global
	GlobalSection(SolutionConfigurationPlatforms) = preSolution
		Debug|Any CPU = Debug|Any CPU
		Release|Any CPU = Release|Any CPU
	EndGlobalSection
	GlobalSection(ProjectConfigurationPlatforms) = postSolution
		{EE7FB582-E996-4F26-9E2F-4722BFD4306D}.Debug|Any CPU.ActiveCfg = Debug|Any CPU
		{EE7FB582-E996-4F26-9E2F-4722BFD4306D}.Debug|Any CPU.Build.0 = Debug|Any CPU
		{EE7FB582-E996-4F26-9E2F-4722BFD4306D}.Release|Any CPU.ActiveCfg = Release|Any CPU
		{EE7FB582-E996-4F26-9E2F-4722BFD4306D}.Release|Any CPU.Build.0 = Release|Any CPU
	EndGlobalSection
	GlobalSection(SolutionProperties) = preSolution
		HideSolutionNode = FALSE
	EndGlobalSection
	GlobalSection(ExtensibilityGlobals) = postSolution
		SolutionGuid = {36C6EDD7-BF16-4691-9033-92FFF5C4F069}
	EndGlobalSection
EndGlobal
